// !$*UTF8*$!
{
	archiveVersion = 1;
	classes = {
	};
	objectVersion = 46;
	objects = {

/* Begin PBXBuildFile section */
		5F6FC1051EA92F46002114F7 /* main.m in Sources */ = {isa = PBXBuildFile; fileRef = 5F6FC1041EA92F46002114F7 /* main.m */; };
		5F6FC1081EA92F46002114F7 /* AppDelegate.m in Sources */ = {isa = PBXBuildFile; fileRef = 5F6FC1071EA92F46002114F7 /* AppDelegate.m */; };
		5F6FC10B1EA92F46002114F7 /* ViewController.m in Sources */ = {isa = PBXBuildFile; fileRef = 5F6FC10A1EA92F46002114F7 /* ViewController.m */; };
		5F6FC10E1EA92F46002114F7 /* Main.storyboard in Resources */ = {isa = PBXBuildFile; fileRef = 5F6FC10C1EA92F46002114F7 /* Main.storyboard */; };
		5F6FC1101EA92F46002114F7 /* Assets.xcassets in Resources */ = {isa = PBXBuildFile; fileRef = 5F6FC10F1EA92F46002114F7 /* Assets.xcassets */; };
		5F6FC1131EA92F46002114F7 /* LaunchScreen.storyboard in Resources */ = {isa = PBXBuildFile; fileRef = 5F6FC1111EA92F46002114F7 /* LaunchScreen.storyboard */; };
		5F6FC11E1EA92F46002114F7 /* basicMath_appTests.m in Sources */ = {isa = PBXBuildFile; fileRef = 5F6FC11D1EA92F46002114F7 /* basicMath_appTests.m */; };
		5F6FC1291EA92F46002114F7 /* basicMath_appUITests.m in Sources */ = {isa = PBXBuildFile; fileRef = 5F6FC1281EA92F46002114F7 /* basicMath_appUITests.m */; };
/* End PBXBuildFile section */

/* Begin PBXContainerItemProxy section */
		5F6FC11A1EA92F46002114F7 /* PBXContainerItemProxy */ = {
			isa = PBXContainerItemProxy;
			containerPortal = 5F6FC0F81EA92F45002114F7 /* Project object */;
			proxyType = 1;
			remoteGlobalIDString = 5F6FC0FF1EA92F45002114F7;
			remoteInfo = basicMath_app;
		};
		5F6FC1251EA92F46002114F7 /* PBXContainerItemProxy */ = {
			isa = PBXContainerItemProxy;
			containerPortal = 5F6FC0F81EA92F45002114F7 /* Project object */;
			proxyType = 1;
			remoteGlobalIDString = 5F6FC0FF1EA92F45002114F7;
			remoteInfo = basicMath_app;
		};
/* End PBXContainerItemProxy section */

/* Begin PBXFileReference section */
		5F6FC1001EA92F45002114F7 /* basicMath_app.app */ = {isa = PBXFileReference; explicitFileType = wrapper.application; includeInIndex = 0; path = basicMath_app.app; sourceTree = BUILT_PRODUCTS_DIR; };
		5F6FC1041EA92F46002114F7 /* main.m */ = {isa = PBXFileReference; lastKnownFileType = sourcecode.c.objc; path = main.m; sourceTree = "<group>"; };
		5F6FC1061EA92F46002114F7 /* AppDelegate.h */ = {isa = PBXFileReference; lastKnownFileType = sourcecode.c.h; path = AppDelegate.h; sourceTree = "<group>"; };
		5F6FC1071EA92F46002114F7 /* AppDelegate.m */ = {isa = PBXFileReference; lastKnownFileType = sourcecode.c.objc; path = AppDelegate.m; sourceTree = "<group>"; };
		5F6FC1091EA92F46002114F7 /* ViewController.h */ = {isa = PBXFileReference; lastKnownFileType = sourcecode.c.h; path = ViewController.h; sourceTree = "<group>"; };
		5F6FC10A1EA92F46002114F7 /* ViewController.m */ = {isa = PBXFileReference; lastKnownFileType = sourcecode.c.objc; path = ViewController.m; sourceTree = "<group>"; };
		5F6FC10D1EA92F46002114F7 /* Base */ = {isa = PBXFileReference; lastKnownFileType = file.storyboard; name = Base; path = Base.lproj/Main.storyboard; sourceTree = "<group>"; };
		5F6FC10F1EA92F46002114F7 /* Assets.xcassets */ = {isa = PBXFileReference; lastKnownFileType = folder.assetcatalog; path = Assets.xcassets; sourceTree = "<group>"; };
		5F6FC1121EA92F46002114F7 /* Base */ = {isa = PBXFileReference; lastKnownFileType = file.storyboard; name = Base; path = Base.lproj/LaunchScreen.storyboard; sourceTree = "<group>"; };
		5F6FC1141EA92F46002114F7 /* Info.plist */ = {isa = PBXFileReference; lastKnownFileType = text.plist.xml; path = Info.plist; sourceTree = "<group>"; };
		5F6FC1191EA92F46002114F7 /* basicMath_appTests.xctest */ = {isa = PBXFileReference; explicitFileType = wrapper.cfbundle; includeInIndex = 0; path = basicMath_appTests.xctest; sourceTree = BUILT_PRODUCTS_DIR; };
		5F6FC11D1EA92F46002114F7 /* basicMath_appTests.m */ = {isa = PBXFileReference; lastKnownFileType = sourcecode.c.objc; path = basicMath_appTests.m; sourceTree = "<group>"; };
		5F6FC11F1EA92F46002114F7 /* Info.plist */ = {isa = PBXFileReference; lastKnownFileType = text.plist.xml; path = Info.plist; sourceTree = "<group>"; };
		5F6FC1241EA92F46002114F7 /* basicMath_appUITests.xctest */ = {isa = PBXFileReference; explicitFileType = wrapper.cfbundle; includeInIndex = 0; path = basicMath_appUITests.xctest; sourceTree = BUILT_PRODUCTS_DIR; };
		5F6FC1281EA92F46002114F7 /* basicMath_appUITests.m */ = {isa = PBXFileReference; lastKnownFileType = sourcecode.c.objc; path = basicMath_appUITests.m; sourceTree = "<group>"; };
		5F6FC12A1EA92F46002114F7 /* Info.plist */ = {isa = PBXFileReference; lastKnownFileType = text.plist.xml; path = Info.plist; sourceTree = "<group>"; };
/* End PBXFileReference section */

/* Begin PBXFrameworksBuildPhase section */
		5F6FC0FD1EA92F45002114F7 /* Frameworks */ = {
			isa = PBXFrameworksBuildPhase;
			buildActionMask = 2147483647;
			files = (
			);
			runOnlyForDeploymentPostprocessing = 0;
		};
		5F6FC1161EA92F46002114F7 /* Frameworks */ = {
			isa = PBXFrameworksBuildPhase;
			buildActionMask = 2147483647;
			files = (
			);
			runOnlyForDeploymentPostprocessing = 0;
		};
		5F6FC1211EA92F46002114F7 /* Frameworks */ = {
			isa = PBXFrameworksBuildPhase;
			buildActionMask = 2147483647;
			files = (
			);
			runOnlyForDeploymentPostprocessing = 0;
		};
/* End PBXFrameworksBuildPhase section */

/* Begin PBXGroup section */
		5F6FC0F71EA92F45002114F7 = {
			isa = PBXGroup;
			children = (
				5F6FC1021EA92F46002114F7 /* basicMath_app */,
				5F6FC11C1EA92F46002114F7 /* basicMath_appTests */,
				5F6FC1271EA92F46002114F7 /* basicMath_appUITests */,
				5F6FC1011EA92F46002114F7 /* Products */,
			);
			sourceTree = "<group>";
		};
		5F6FC1011EA92F46002114F7 /* Products */ = {
			isa = PBXGroup;
			children = (
				5F6FC1001EA92F45002114F7 /* basicMath_app.app */,
				5F6FC1191EA92F46002114F7 /* basicMath_appTests.xctest */,
				5F6FC1241EA92F46002114F7 /* basicMath_appUITests.xctest */,
			);
			name = Products;
			sourceTree = "<group>";
		};
		5F6FC1021EA92F46002114F7 /* basicMath_app */ = {
			isa = PBXGroup;
			children = (
				5F6FC1061EA92F46002114F7 /* AppDelegate.h */,
				5F6FC1071EA92F46002114F7 /* AppDelegate.m */,
				5F6FC1091EA92F46002114F7 /* ViewController.h */,
				5F6FC10A1EA92F46002114F7 /* ViewController.m */,
				5F6FC10C1EA92F46002114F7 /* Main.storyboard */,
				5F6FC10F1EA92F46002114F7 /* Assets.xcassets */,
				5F6FC1111EA92F46002114F7 /* LaunchScreen.storyboard */,
				5F6FC1141EA92F46002114F7 /* Info.plist */,
				5F6FC1031EA92F46002114F7 /* Supporting Files */,
			);
			path = basicMath_app;
			sourceTree = "<group>";
		};
		5F6FC1031EA92F46002114F7 /* Supporting Files */ = {
			isa = PBXGroup;
			children = (
				5F6FC1041EA92F46002114F7 /* main.m */,
			);
			name = "Supporting Files";
			sourceTree = "<group>";
		};
		5F6FC11C1EA92F46002114F7 /* basicMath_appTests */ = {
			isa = PBXGroup;
			children = (
				5F6FC11D1EA92F46002114F7 /* basicMath_appTests.m */,
				5F6FC11F1EA92F46002114F7 /* Info.plist */,
			);
			path = basicMath_appTests;
			sourceTree = "<group>";
		};
		5F6FC1271EA92F46002114F7 /* basicMath_appUITests */ = {
			isa = PBXGroup;
			children = (
				5F6FC1281EA92F46002114F7 /* basicMath_appUITests.m */,
				5F6FC12A1EA92F46002114F7 /* Info.plist */,
			);
			path = basicMath_appUITests;
			sourceTree = "<group>";
		};
/* End PBXGroup section */

/* Begin PBXNativeTarget section */
		5F6FC0FF1EA92F45002114F7 /* basicMath_app */ = {
			isa = PBXNativeTarget;
			buildConfigurationList = 5F6FC12D1EA92F46002114F7 /* Build configuration list for PBXNativeTarget "basicMath_app" */;
			buildPhases = (
				5F6FC0FC1EA92F45002114F7 /* Sources */,
				5F6FC0FD1EA92F45002114F7 /* Frameworks */,
				5F6FC0FE1EA92F45002114F7 /* Resources */,
			);
			buildRules = (
			);
			dependencies = (
			);
			name = basicMath_app;
			productName = basicMath_app;
			productReference = 5F6FC1001EA92F45002114F7 /* basicMath_app.app */;
			productType = "com.apple.product-type.application";
		};
		5F6FC1181EA92F46002114F7 /* basicMath_appTests */ = {
			isa = PBXNativeTarget;
			buildConfigurationList = 5F6FC1301EA92F46002114F7 /* Build configuration list for PBXNativeTarget "basicMath_appTests" */;
			buildPhases = (
				5F6FC1151EA92F46002114F7 /* Sources */,
				5F6FC1161EA92F46002114F7 /* Frameworks */,
				5F6FC1171EA92F46002114F7 /* Resources */,
			);
			buildRules = (
			);
			dependencies = (
				5F6FC11B1EA92F46002114F7 /* PBXTargetDependency */,
			);
			name = basicMath_appTests;
			productName = basicMath_appTests;
			productReference = 5F6FC1191EA92F46002114F7 /* basicMath_appTests.xctest */;
			productType = "com.apple.product-type.bundle.unit-test";
		};
		5F6FC1231EA92F46002114F7 /* basicMath_appUITests */ = {
			isa = PBXNativeTarget;
			buildConfigurationList = 5F6FC1331EA92F46002114F7 /* Build configuration list for PBXNativeTarget "basicMath_appUITests" */;
			buildPhases = (
				5F6FC1201EA92F46002114F7 /* Sources */,
				5F6FC1211EA92F46002114F7 /* Frameworks */,
				5F6FC1221EA92F46002114F7 /* Resources */,
			);
			buildRules = (
			);
			dependencies = (
				5F6FC1261EA92F46002114F7 /* PBXTargetDependency */,
			);
			name = basicMath_appUITests;
			productName = basicMath_appUITests;
			productReference = 5F6FC1241EA92F46002114F7 /* basicMath_appUITests.xctest */;
			productType = "com.apple.product-type.bundle.ui-testing";
		};
/* End PBXNativeTarget section */

/* Begin PBXProject section */
		5F6FC0F81EA92F45002114F7 /* Project object */ = {
			isa = PBXProject;
			attributes = {
				LastUpgradeCheck = 0830;
				ORGANIZATIONNAME = "venuka maddukuri";
				TargetAttributes = {
					5F6FC0FF1EA92F45002114F7 = {
						CreatedOnToolsVersion = 8.3.2;
						DevelopmentTeam = RA4UU4X62Z;
						ProvisioningStyle = Automatic;
					};
					5F6FC1181EA92F46002114F7 = {
						CreatedOnToolsVersion = 8.3.2;
						DevelopmentTeam = RA4UU4X62Z;
						ProvisioningStyle = Automatic;
						TestTargetID = 5F6FC0FF1EA92F45002114F7;
					};
					5F6FC1231EA92F46002114F7 = {
						CreatedOnToolsVersion = 8.3.2;
						DevelopmentTeam = RA4UU4X62Z;
						ProvisioningStyle = Automatic;
						TestTargetID = 5F6FC0FF1EA92F45002114F7;
					};
				};
			};
			buildConfigurationList = 5F6FC0FB1EA92F45002114F7 /* Build configuration list for PBXProject "basicMath_app" */;
			compatibilityVersion = "Xcode 3.2";
			developmentRegion = English;
			hasScannedForEncodings = 0;
			knownRegions = (
				en,
				Base,
			);
			mainGroup = 5F6FC0F71EA92F45002114F7;
			productRefGroup = 5F6FC1011EA92F46002114F7 /* Products */;
			projectDirPath = "";
			projectRoot = "";
			targets = (
				5F6FC0FF1EA92F45002114F7 /* basicMath_app */,
				5F6FC1181EA92F46002114F7 /* basicMath_appTests */,
				5F6FC1231EA92F46002114F7 /* basicMath_appUITests */,
			);
		};
/* End PBXProject section */

/* Begin PBXResourcesBuildPhase section */
		5F6FC0FE1EA92F45002114F7 /* Resources */ = {
			isa = PBXResourcesBuildPhase;
			buildActionMask = 2147483647;
			files = (
				5F6FC1131EA92F46002114F7 /* LaunchScreen.storyboard in Resources */,
				5F6FC1101EA92F46002114F7 /* Assets.xcassets in Resources */,
				5F6FC10E1EA92F46002114F7 /* Main.storyboard in Resources */,
			);
			runOnlyForDeploymentPostprocessing = 0;
		};
		5F6FC1171EA92F46002114F7 /* Resources */ = {
			isa = PBXResourcesBuildPhase;
			buildActionMask = 2147483647;
			files = (
			);
			runOnlyForDeploymentPostprocessing = 0;
		};
		5F6FC1221EA92F46002114F7 /* Resources */ = {
			isa = PBXResourcesBuildPhase;
			buildActionMask = 2147483647;
			files = (
			);
			runOnlyForDeploymentPostprocessing = 0;
		};
/* End PBXResourcesBuildPhase section */

/* Begin PBXSourcesBuildPhase section */
		5F6FC0FC1EA92F45002114F7 /* Sources */ = {
			isa = PBXSourcesBuildPhase;
			buildActionMask = 2147483647;
			files = (
				5F6FC10B1EA92F46002114F7 /* ViewController.m in Sources */,
				5F6FC1081EA92F46002114F7 /* AppDelegate.m in Sources */,
				5F6FC1051EA92F46002114F7 /* main.m in Sources */,
			);
			runOnlyForDeploymentPostprocessing = 0;
		};
		5F6FC1151EA92F46002114F7 /* Sources */ = {
			isa = PBXSourcesBuildPhase;
			buildActionMask = 2147483647;
			files = (
				5F6FC11E1EA92F46002114F7 /* basicMath_appTests.m in Sources */,
			);
			runOnlyForDeploymentPostprocessing = 0;
		};
		5F6FC1201EA92F46002114F7 /* Sources */ = {
			isa = PBXSourcesBuildPhase;
			buildActionMask = 2147483647;
			files = (
				5F6FC1291EA92F46002114F7 /* basicMath_appUITests.m in Sources */,
			);
			runOnlyForDeploymentPostprocessing = 0;
		};
/* End PBXSourcesBuildPhase section */

/* Begin PBXTargetDependency section */
		5F6FC11B1EA92F46002114F7 /* PBXTargetDependency */ = {
			isa = PBXTargetDependency;
			target = 5F6FC0FF1EA92F45002114F7 /* basicMath_app */;
			targetProxy = 5F6FC11A1EA92F46002114F7 /* PBXContainerItemProxy */;
		};
		5F6FC1261EA92F46002114F7 /* PBXTargetDependency */ = {
			isa = PBXTargetDependency;
			target = 5F6FC0FF1EA92F45002114F7 /* basicMath_app */;
			targetProxy = 5F6FC1251EA92F46002114F7 /* PBXContainerItemProxy */;
		};
/* End PBXTargetDependency section */

/* Begin PBXVariantGroup section */
		5F6FC10C1EA92F46002114F7 /* Main.storyboard */ = {
			isa = PBXVariantGroup;
			children = (
				5F6FC10D1EA92F46002114F7 /* Base */,
			);
			name = Main.storyboard;
			sourceTree = "<group>";
		};
		5F6FC1111EA92F46002114F7 /* LaunchScreen.storyboard */ = {
			isa = PBXVariantGroup;
			children = (
				5F6FC1121EA92F46002114F7 /* Base */,
			);
			name = LaunchScreen.storyboard;
			sourceTree = "<group>";
		};
/* End PBXVariantGroup section */

/* Begin XCBuildConfiguration section */
		5F6FC12B1EA92F46002114F7 /* Debug */ = {
			isa = XCBuildConfiguration;
			buildSettings = {
				ALWAYS_SEARCH_USER_PATHS = NO;
				CLANG_ANALYZER_NONNULL = YES;
				CLANG_ANALYZER_NUMBER_OBJECT_CONVERSION = YES_AGGRESSIVE;
				CLANG_CXX_LANGUAGE_STANDARD = "gnu++0x";
				CLANG_CXX_LIBRARY = "libc++";
				CLANG_ENABLE_MODULES = YES;
				CLANG_ENABLE_OBJC_ARC = YES;
				CLANG_WARN_BOOL_CONVERSION = YES;
				CLANG_WARN_CONSTANT_CONVERSION = YES;
				CLANG_WARN_DIRECT_OBJC_ISA_USAGE = YES_ERROR;
				CLANG_WARN_DOCUMENTATION_COMMENTS = YES;
				CLANG_WARN_EMPTY_BODY = YES;
				CLANG_WARN_ENUM_CONVERSION = YES;
				CLANG_WARN_INFINITE_RECURSION = YES;
				CLANG_WARN_INT_CONVERSION = YES;
				CLANG_WARN_OBJC_ROOT_CLASS = YES_ERROR;
				CLANG_WARN_SUSPICIOUS_MOVE = YES;
				CLANG_WARN_UNREACHABLE_CODE = YES;
				CLANG_WARN__DUPLICATE_METHOD_MATCH = YES;
				"CODE_SIGN_IDENTITY[sdk=iphoneos*]" = "iPhone Developer";
				COPY_PHASE_STRIP = NO;
				DEBUG_INFORMATION_FORMAT = dwarf;
				ENABLE_STRICT_OBJC_MSGSEND = YES;
				ENABLE_TESTABILITY = YES;
				GCC_C_LANGUAGE_STANDARD = gnu99;
				GCC_DYNAMIC_NO_PIC = NO;
				GCC_NO_COMMON_BLOCKS = YES;
				GCC_OPTIMIZATION_LEVEL = 0;
				GCC_PREPROCESSOR_DEFINITIONS = (
					"DEBUG=1",
					"$(inherited)",
				);
				GCC_WARN_64_TO_32_BIT_CONVERSION = YES;
				GCC_WARN_ABOUT_RETURN_TYPE = YES_ERROR;
				GCC_WARN_UNDECLARED_SELECTOR = YES;
				GCC_WARN_UNINITIALIZED_AUTOS = YES_AGGRESSIVE;
				GCC_WARN_UNUSED_FUNCTION = YES;
				GCC_WARN_UNUSED_VARIABLE = YES;
				IPHONEOS_DEPLOYMENT_TARGET = 10.3;
				MTL_ENABLE_DEBUG_INFO = YES;
				ONLY_ACTIVE_ARCH = YES;
				SDKROOT = iphoneos;
				TARGETED_DEVICE_FAMILY = "1,2";
			};
			name = Debug;
		};
		5F6FC12C1EA92F46002114F7 /* Release */ = {
			isa = XCBuildConfiguration;
			buildSettings = {
				ALWAYS_SEARCH_USER_PATHS = NO;
				CLANG_ANALYZER_NONNULL = YES;
				CLANG_ANALYZER_NUMBER_OBJECT_CONVERSION = YES_AGGRESSIVE;
				CLANG_CXX_LANGUAGE_STANDARD = "gnu++0x";
				CLANG_CXX_LIBRARY = "libc++";
				CLANG_ENABLE_MODULES = YES;
				CLANG_ENABLE_OBJC_ARC = YES;
				CLANG_WARN_BOOL_CONVERSION = YES;
				CLANG_WARN_CONSTANT_CONVERSION = YES;
				CLANG_WARN_DIRECT_OBJC_ISA_USAGE = YES_ERROR;
				CLANG_WARN_DOCUMENTATION_COMMENTS = YES;
				CLANG_WARN_EMPTY_BODY = YES;
				CLANG_WARN_ENUM_CONVERSION = YES;
				CLANG_WARN_INFINITE_RECURSION = YES;
				CLANG_WARN_INT_CONVERSION = YES;
				CLANG_WARN_OBJC_ROOT_CLASS = YES_ERROR;
				CLANG_WARN_SUSPICIOUS_MOVE = YES;
				CLANG_WARN_UNREACHABLE_CODE = YES;
				CLANG_WARN__DUPLICATE_METHOD_MATCH = YES;
				"CODE_SIGN_IDENTITY[sdk=iphoneos*]" = "iPhone Developer";
				COPY_PHASE_STRIP = NO;
				DEBUG_INFORMATION_FORMAT = "dwarf-with-dsym";
				ENABLE_NS_ASSERTIONS = NO;
				ENABLE_STRICT_OBJC_MSGSEND = YES;
				GCC_C_LANGUAGE_STANDARD = gnu99;
				GCC_NO_COMMON_BLOCKS = YES;
				GCC_WARN_64_TO_32_BIT_CONVERSION = YES;
				GCC_WARN_ABOUT_RETURN_TYPE = YES_ERROR;
				GCC_WARN_UNDECLARED_SELECTOR = YES;
				GCC_WARN_UNINITIALIZED_AUTOS = YES_AGGRESSIVE;
				GCC_WARN_UNUSED_FUNCTION = YES;
				GCC_WARN_UNUSED_VARIABLE = YES;
				IPHONEOS_DEPLOYMENT_TARGET = 10.3;
				MTL_ENABLE_DEBUG_INFO = NO;
				SDKROOT = iphoneos;
				TARGETED_DEVICE_FAMILY = "1,2";
				VALIDATE_PRODUCT = YES;
			};
			name = Release;
		};
		5F6FC12E1EA92F46002114F7 /* Debug */ = {
			isa = XCBuildConfiguration;
			buildSettings = {
				ASSETCATALOG_COMPILER_APPICON_NAME = AppIcon;
				DEVELOPMENT_TEAM = RA4UU4X62Z;
				INFOPLIST_FILE = basicMath_app/Info.plist;
				LD_RUNPATH_SEARCH_PATHS = "$(inherited) @executable_path/Frameworks";
				PRODUCT_BUNDLE_IDENTIFIER = "com.test.venuka.basicMath-app";
				PRODUCT_NAME = "$(TARGET_NAME)";
			};
			name = Debug;
		};
		5F6FC12F1EA92F46002114F7 /* Release */ = {
			isa = XCBuildConfiguration;
			buildSettings = {
				ASSETCATALOG_COMPILER_APPICON_NAME = AppIcon;
				DEVELOPMENT_TEAM = RA4UU4X62Z;
				INFOPLIST_FILE = basicMath_app/Info.plist;
				LD_RUNPATH_SEARCH_PATHS = "$(inherited) @executable_path/Frameworks";
				PRODUCT_BUNDLE_IDENTIFIER = "com.test.venuka.basicMath-app";
				PRODUCT_NAME = "$(TARGET_NAME)";
			};
			name = Release;
		};
		5F6FC1311EA92F46002114F7 /* Debug */ = {
			isa = XCBuildConfiguration;
			buildSettings = {
				BUNDLE_LOADER = "$(TEST_HOST)";
				DEVELOPMENT_TEAM = RA4UU4X62Z;
				INFOPLIST_FILE = basicMath_appTests/Info.plist;
				LD_RUNPATH_SEARCH_PATHS = "$(inherited) @executable_path/Frameworks @loader_path/Frameworks";
				PRODUCT_BUNDLE_IDENTIFIER = "com.test.venuka.basicMath-appTests";
				PRODUCT_NAME = "$(TARGET_NAME)";
				TEST_HOST = "$(BUILT_PRODUCTS_DIR)/basicMath_app.app/basicMath_app";
			};
			name = Debug;
		};
		5F6FC1321EA92F46002114F7 /* Release */ = {
			isa = XCBuildConfiguration;
			buildSettings = {
				BUNDLE_LOADER = "$(TEST_HOST)";
				DEVELOPMENT_TEAM = RA4UU4X62Z;
				INFOPLIST_FILE = basicMath_appTests/Info.plist;
				LD_RUNPATH_SEARCH_PATHS = "$(inherited) @executable_path/Frameworks @loader_path/Frameworks";
				PRODUCT_BUNDLE_IDENTIFIER = "com.test.venuka.basicMath-appTests";
				PRODUCT_NAME = "$(TARGET_NAME)";
				TEST_HOST = "$(BUILT_PRODUCTS_DIR)/basicMath_app.app/basicMath_app";
			};
			name = Release;
		};
		5F6FC1341EA92F46002114F7 /* Debug */ = {
			isa = XCBuildConfiguration;
			buildSettings = {
				DEVELOPMENT_TEAM = RA4UU4X62Z;
				INFOPLIST_FILE = basicMath_appUITests/Info.plist;
				LD_RUNPATH_SEARCH_PATHS = "$(inherited) @executable_path/Frameworks @loader_path/Frameworks";
				PRODUCT_BUNDLE_IDENTIFIER = "com.test.venuka.basicMath-appUITests";
				PRODUCT_NAME = "$(TARGET_NAME)";
				TEST_TARGET_NAME = basicMath_app;
			};
			name = Debug;
		};
		5F6FC1351EA92F46002114F7 /* Release */ = {
			isa = XCBuildConfiguration;
			buildSettings = {
				DEVELOPMENT_TEAM = RA4UU4X62Z;
				INFOPLIST_FILE = basicMath_appUITests/Info.plist;
				LD_RUNPATH_SEARCH_PATHS = "$(inherited) @executable_path/Frameworks @loader_path/Frameworks";
				PRODUCT_BUNDLE_IDENTIFIER = "com.test.venuka.basicMath-appUITests";
				PRODUCT_NAME = "$(TARGET_NAME)";
				TEST_TARGET_NAME = basicMath_app;
			};
			name = Release;
		};
/* End XCBuildConfiguration section */

/* Begin XCConfigurationList section */
		5F6FC0FB1EA92F45002114F7 /* Build configuration list for PBXProject "basicMath_app" */ = {
			isa = XCConfigurationList;
			buildConfigurations = (
				5F6FC12B1EA92F46002114F7 /* Debug */,
				5F6FC12C1EA92F46002114F7 /* Release */,
			);
			defaultConfigurationIsVisible = 0;
			defaultConfigurationName = Release;
		};
		5F6FC12D1EA92F46002114F7 /* Build configuration list for PBXNativeTarget "basicMath_app" */ = {
			isa = XCConfigurationList;
			buildConfigurations = (
				5F6FC12E1EA92F46002114F7 /* Debug */,
				5F6FC12F1EA92F46002114F7 /* Release */,
			);
			defaultConfigurationIsVisible = 0;
		};
		5F6FC1301EA92F46002114F7 /* Build configuration list for PBXNativeTarget "basicMath_appTests" */ = {
			isa = XCConfigurationList;
			buildConfigurations = (
				5F6FC1311EA92F46002114F7 /* Debug */,
				5F6FC1321EA92F46002114F7 /* Release */,
			);
			defaultConfigurationIsVisible = 0;
		};
		5F6FC1331EA92F46002114F7 /* Build configuration list for PBXNativeTarget "basicMath_appUITests" */ = {
			isa = XCConfigurationList;
			buildConfigurations = (
				5F6FC1341EA92F46002114F7 /* Debug */,
				5F6FC1351EA92F46002114F7 /* Release */,
			);
			defaultConfigurationIsVisible = 0;
		};
/* End XCConfigurationList section */
	};
	rootObject = 5F6FC0F81EA92F45002114F7 /* Project object */;
}
